
Microsoft Visual Studio Solution File, Format Version 12.00
# Visual Studio Version 17
VisualStudioVersion = 17.2.32616.157
MinimumVisualStudioVersion = 10.0.40219.1
Project("{FAE04EC0-301F-11D3-BF4B-00C04F79EFBC}") = "BookStore-Backend", "BookStore-Backend\BookStore-Backend.csproj", "{C9AEAC64-E559-4BC1-B0C8-8AB7B0F162C9}"
EndProject
Project("{FAE04EC0-301F-11D3-BF4B-00C04F79EFBC}") = "BookStore.Models", "BookStore.Models\BookStore.Models.csproj", "{33F1378E-0E7E-4315-878B-0160AD226E07}"
EndProject
Project("{FAE04EC0-301F-11D3-BF4B-00C04F79EFBC}") = "BookStore.Repository", "BookStore.Repository\BookStore.Repository.csproj", "{A3E1E7D2-76A5-4FD0-9F66-A6CB0D371EA2}"
EndProject
Global
	GlobalSection(SolutionConfigurationPlatforms) = preSolution
		Debug|Any CPU = Debug|Any CPU
		Release|Any CPU = Release|Any CPU
	EndGlobalSection
	GlobalSection(ProjectConfigurationPlatforms) = postSolution
		{C9AEAC64-E559-4BC1-B0C8-8AB7B0F162C9}.Debug|Any CPU.ActiveCfg = Debug|Any CPU
		{C9AEAC64-E559-4BC1-B0C8-8AB7B0F162C9}.Debug|Any CPU.Build.0 = Debug|Any CPU
		{C9AEAC64-E559-4BC1-B0C8-8AB7B0F162C9}.Release|Any CPU.ActiveCfg = Release|Any CPU
		{C9AEAC64-E559-4BC1-B0C8-8AB7B0F162C9}.Release|Any CPU.Build.0 = Release|Any CPU
		{33F1378E-0E7E-4315-878B-0160AD226E07}.Debug|Any CPU.ActiveCfg = Debug|Any CPU
		{33F1378E-0E7E-4315-878B-0160AD226E07}.Debug|Any CPU.Build.0 = Debug|Any CPU
		{33F1378E-0E7E-4315-878B-0160AD226E07}.Release|Any CPU.ActiveCfg = Release|Any CPU
		{33F1378E-0E7E-4315-878B-0160AD226E07}.Release|Any CPU.Build.0 = Release|Any CPU
		{A3E1E7D2-76A5-4FD0-9F66-A6CB0D371EA2}.Debug|Any CPU.ActiveCfg = Debug|Any CPU
		{A3E1E7D2-76A5-4FD0-9F66-A6CB0D371EA2}.Debug|Any CPU.Build.0 = Debug|Any CPU
		{A3E1E7D2-76A5-4FD0-9F66-A6CB0D371EA2}.Release|Any CPU.ActiveCfg = Release|Any CPU
		{A3E1E7D2-76A5-4FD0-9F66-A6CB0D371EA2}.Release|Any CPU.Build.0 = Release|Any CPU
	EndGlobalSection
	GlobalSection(SolutionProperties) = preSolution
		HideSolutionNode = FALSE
	EndGlobalSection
	GlobalSection(ExtensibilityGlobals) = postSolution
		SolutionGuid = {B86862D4-60D9-4840-815A-5A9A9845A6A0}
	EndGlobalSection
EndGlobal
